// !$*UTF8*$!
{
	archiveVersion = 1;
	classes = {
	};
	objectVersion = 46;
	objects = {

/* Begin PBXBuildFile section */
		014EAA661C3D6CF6004DE12C /* SchoolViewController.swift in Sources */ = {isa = PBXBuildFile; fileRef = 014EAA651C3D6CF6004DE12C /* SchoolViewController.swift */; };
		014EAA681C3D6D41004DE12C /* CodeViewController.swift in Sources */ = {isa = PBXBuildFile; fileRef = 014EAA671C3D6D41004DE12C /* CodeViewController.swift */; };
		014EAA6A1C3D6D63004DE12C /* GameViewController.swift in Sources */ = {isa = PBXBuildFile; fileRef = 014EAA691C3D6D63004DE12C /* GameViewController.swift */; };
		01974F281C3D681800EBD764 /* AppDelegate.swift in Sources */ = {isa = PBXBuildFile; fileRef = 01974F271C3D681800EBD764 /* AppDelegate.swift */; };
		01974F2A1C3D681800EBD764 /* ViewController.swift in Sources */ = {isa = PBXBuildFile; fileRef = 01974F291C3D681800EBD764 /* ViewController.swift */; };
		01974F2D1C3D681800EBD764 /* Main.storyboard in Resources */ = {isa = PBXBuildFile; fileRef = 01974F2B1C3D681800EBD764 /* Main.storyboard */; };
		01974F2F1C3D681800EBD764 /* Assets.xcassets in Resources */ = {isa = PBXBuildFile; fileRef = 01974F2E1C3D681800EBD764 /* Assets.xcassets */; };
		01974F321C3D681800EBD764 /* LaunchScreen.storyboard in Resources */ = {isa = PBXBuildFile; fileRef = 01974F301C3D681800EBD764 /* LaunchScreen.storyboard */; };
		01974F3D1C3D681800EBD764 /* AboutMeTests.swift in Sources */ = {isa = PBXBuildFile; fileRef = 01974F3C1C3D681800EBD764 /* AboutMeTests.swift */; };
		01974F481C3D681800EBD764 /* AboutMeUITests.swift in Sources */ = {isa = PBXBuildFile; fileRef = 01974F471C3D681800EBD764 /* AboutMeUITests.swift */; };
		01F581D11C401B6100586977 /* CampViewController.swift in Sources */ = {isa = PBXBuildFile; fileRef = 01F581D01C401B6100586977 /* CampViewController.swift */; };
		01F581D41C401B9500586977 /* FoodViewController.swift in Sources */ = {isa = PBXBuildFile; fileRef = 01F581D31C401B9500586977 /* FoodViewController.swift */; };
/* End PBXBuildFile section */

/* Begin PBXContainerItemProxy section */
		01974F391C3D681800EBD764 /* PBXContainerItemProxy */ = {
			isa = PBXContainerItemProxy;
			containerPortal = 01974F1C1C3D681700EBD764 /* Project object */;
			proxyType = 1;
			remoteGlobalIDString = 01974F231C3D681800EBD764;
			remoteInfo = AboutMe;
		};
		01974F441C3D681800EBD764 /* PBXContainerItemProxy */ = {
			isa = PBXContainerItemProxy;
			containerPortal = 01974F1C1C3D681700EBD764 /* Project object */;
			proxyType = 1;
			remoteGlobalIDString = 01974F231C3D681800EBD764;
			remoteInfo = AboutMe;
		};
/* End PBXContainerItemProxy section */

/* Begin PBXFileReference section */
		014EAA651C3D6CF6004DE12C /* SchoolViewController.swift */ = {isa = PBXFileReference; fileEncoding = 4; lastKnownFileType = sourcecode.swift; path = SchoolViewController.swift; sourceTree = "<group>"; };
		014EAA671C3D6D41004DE12C /* CodeViewController.swift */ = {isa = PBXFileReference; fileEncoding = 4; lastKnownFileType = sourcecode.swift; path = CodeViewController.swift; sourceTree = "<group>"; };
		014EAA691C3D6D63004DE12C /* GameViewController.swift */ = {isa = PBXFileReference; fileEncoding = 4; lastKnownFileType = sourcecode.swift; path = GameViewController.swift; sourceTree = "<group>"; };
		01974F241C3D681800EBD764 /* AboutMe.app */ = {isa = PBXFileReference; explicitFileType = wrapper.application; includeInIndex = 0; path = AboutMe.app; sourceTree = BUILT_PRODUCTS_DIR; };
		01974F271C3D681800EBD764 /* AppDelegate.swift */ = {isa = PBXFileReference; lastKnownFileType = sourcecode.swift; path = AppDelegate.swift; sourceTree = "<group>"; };
		01974F291C3D681800EBD764 /* ViewController.swift */ = {isa = PBXFileReference; lastKnownFileType = sourcecode.swift; path = ViewController.swift; sourceTree = "<group>"; };
		01974F2C1C3D681800EBD764 /* Base */ = {isa = PBXFileReference; lastKnownFileType = file.storyboard; name = Base; path = Base.lproj/Main.storyboard; sourceTree = "<group>"; };
		01974F2E1C3D681800EBD764 /* Assets.xcassets */ = {isa = PBXFileReference; lastKnownFileType = folder.assetcatalog; path = Assets.xcassets; sourceTree = "<group>"; };
		01974F311C3D681800EBD764 /* Base */ = {isa = PBXFileReference; lastKnownFileType = file.storyboard; name = Base; path = Base.lproj/LaunchScreen.storyboard; sourceTree = "<group>"; };
		01974F331C3D681800EBD764 /* Info.plist */ = {isa = PBXFileReference; lastKnownFileType = text.plist.xml; path = Info.plist; sourceTree = "<group>"; };
		01974F381C3D681800EBD764 /* AboutMeTests.xctest */ = {isa = PBXFileReference; explicitFileType = wrapper.cfbundle; includeInIndex = 0; path = AboutMeTests.xctest; sourceTree = BUILT_PRODUCTS_DIR; };
		01974F3C1C3D681800EBD764 /* AboutMeTests.swift */ = {isa = PBXFileReference; lastKnownFileType = sourcecode.swift; path = AboutMeTests.swift; sourceTree = "<group>"; };
		01974F3E1C3D681800EBD764 /* Info.plist */ = {isa = PBXFileReference; lastKnownFileType = text.plist.xml; path = Info.plist; sourceTree = "<group>"; };
		01974F431C3D681800EBD764 /* AboutMeUITests.xctest */ = {isa = PBXFileReference; explicitFileType = wrapper.cfbundle; includeInIndex = 0; path = AboutMeUITests.xctest; sourceTree = BUILT_PRODUCTS_DIR; };
		01974F471C3D681800EBD764 /* AboutMeUITests.swift */ = {isa = PBXFileReference; lastKnownFileType = sourcecode.swift; path = AboutMeUITests.swift; sourceTree = "<group>"; };
		01974F491C3D681800EBD764 /* Info.plist */ = {isa = PBXFileReference; lastKnownFileType = text.plist.xml; path = Info.plist; sourceTree = "<group>"; };
		01F581D01C401B6100586977 /* CampViewController.swift */ = {isa = PBXFileReference; fileEncoding = 4; lastKnownFileType = sourcecode.swift; path = CampViewController.swift; sourceTree = "<group>"; };
		01F581D31C401B9500586977 /* FoodViewController.swift */ = {isa = PBXFileReference; fileEncoding = 4; lastKnownFileType = sourcecode.swift; path = FoodViewController.swift; sourceTree = "<group>"; };
/* End PBXFileReference section */

/* Begin PBXFrameworksBuildPhase section */
		01974F211C3D681800EBD764 /* Frameworks */ = {
			isa = PBXFrameworksBuildPhase;
			buildActionMask = 2147483647;
			files = (
			);
			runOnlyForDeploymentPostprocessing = 0;
		};
		01974F351C3D681800EBD764 /* Frameworks */ = {
			isa = PBXFrameworksBuildPhase;
			buildActionMask = 2147483647;
			files = (
			);
			runOnlyForDeploymentPostprocessing = 0;
		};
		01974F401C3D681800EBD764 /* Frameworks */ = {
			isa = PBXFrameworksBuildPhase;
			buildActionMask = 2147483647;
			files = (
			);
			runOnlyForDeploymentPostprocessing = 0;
		};
/* End PBXFrameworksBuildPhase section */

/* Begin PBXGroup section */
		014EAA641C3D6CB9004DE12C /* Controller */ = {
			isa = PBXGroup;
			children = (
				01974F291C3D681800EBD764 /* ViewController.swift */,
				014EAA651C3D6CF6004DE12C /* SchoolViewController.swift */,
				014EAA671C3D6D41004DE12C /* CodeViewController.swift */,
				014EAA691C3D6D63004DE12C /* GameViewController.swift */,
				01F581D01C401B6100586977 /* CampViewController.swift */,
				01F581D31C401B9500586977 /* FoodViewController.swift */,
			);
			name = Controller;
			sourceTree = "<group>";
		};
		01974F1B1C3D681700EBD764 = {
			isa = PBXGroup;
			children = (
				01974F261C3D681800EBD764 /* AboutMe */,
				01974F3B1C3D681800EBD764 /* AboutMeTests */,
				01974F461C3D681800EBD764 /* AboutMeUITests */,
				01974F251C3D681800EBD764 /* Products */,
			);
			sourceTree = "<group>";
		};
		01974F251C3D681800EBD764 /* Products */ = {
			isa = PBXGroup;
			children = (
				01974F241C3D681800EBD764 /* AboutMe.app */,
				01974F381C3D681800EBD764 /* AboutMeTests.xctest */,
				01974F431C3D681800EBD764 /* AboutMeUITests.xctest */,
			);
			name = Products;
			sourceTree = "<group>";
		};
		01974F261C3D681800EBD764 /* AboutMe */ = {
			isa = PBXGroup;
			children = (
				014EAA641C3D6CB9004DE12C /* Controller */,
				01974F271C3D681800EBD764 /* AppDelegate.swift */,
				01974F2B1C3D681800EBD764 /* Main.storyboard */,
				01974F2E1C3D681800EBD764 /* Assets.xcassets */,
				01974F301C3D681800EBD764 /* LaunchScreen.storyboard */,
				01974F331C3D681800EBD764 /* Info.plist */,
			);
			path = AboutMe;
			sourceTree = "<group>";
		};
		01974F3B1C3D681800EBD764 /* AboutMeTests */ = {
			isa = PBXGroup;
			children = (
				01974F3C1C3D681800EBD764 /* AboutMeTests.swift */,
				01974F3E1C3D681800EBD764 /* Info.plist */,
			);
			path = AboutMeTests;
			sourceTree = "<group>";
		};
		01974F461C3D681800EBD764 /* AboutMeUITests */ = {
			isa = PBXGroup;
			children = (
				01974F471C3D681800EBD764 /* AboutMeUITests.swift */,
				01974F491C3D681800EBD764 /* Info.plist */,
			);
			path = AboutMeUITests;
			sourceTree = "<group>";
		};
/* End PBXGroup section */

/* Begin PBXNativeTarget section */
		01974F231C3D681800EBD764 /* AboutMe */ = {
			isa = PBXNativeTarget;
			buildConfigurationList = 01974F4C1C3D681800EBD764 /* Build configuration list for PBXNativeTarget "AboutMe" */;
			buildPhases = (
				01974F201C3D681800EBD764 /* Sources */,
				01974F211C3D681800EBD764 /* Frameworks */,
				01974F221C3D681800EBD764 /* Resources */,
			);
			buildRules = (
			);
			dependencies = (
			);
			name = AboutMe;
			productName = AboutMe;
			productReference = 01974F241C3D681800EBD764 /* AboutMe.app */;
			productType = "com.apple.product-type.application";
		};
		01974F371C3D681800EBD764 /* AboutMeTests */ = {
			isa = PBXNativeTarget;
			buildConfigurationList = 01974F4F1C3D681800EBD764 /* Build configuration list for PBXNativeTarget "AboutMeTests" */;
			buildPhases = (
				01974F341C3D681800EBD764 /* Sources */,
				01974F351C3D681800EBD764 /* Frameworks */,
				01974F361C3D681800EBD764 /* Resources */,
			);
			buildRules = (
			);
			dependencies = (
				01974F3A1C3D681800EBD764 /* PBXTargetDependency */,
			);
			name = AboutMeTests;
			productName = AboutMeTests;
			productReference = 01974F381C3D681800EBD764 /* AboutMeTests.xctest */;
			productType = "com.apple.product-type.bundle.unit-test";
		};
		01974F421C3D681800EBD764 /* AboutMeUITests */ = {
			isa = PBXNativeTarget;
			buildConfigurationList = 01974F521C3D681800EBD764 /* Build configuration list for PBXNativeTarget "AboutMeUITests" */;
			buildPhases = (
				01974F3F1C3D681800EBD764 /* Sources */,
				01974F401C3D681800EBD764 /* Frameworks */,
				01974F411C3D681800EBD764 /* Resources */,
			);
			buildRules = (
			);
			dependencies = (
				01974F451C3D681800EBD764 /* PBXTargetDependency */,
			);
			name = AboutMeUITests;
			productName = AboutMeUITests;
			productReference = 01974F431C3D681800EBD764 /* AboutMeUITests.xctest */;
			productType = "com.apple.product-type.bundle.ui-testing";
		};
/* End PBXNativeTarget section */

/* Begin PBXProject section */
		01974F1C1C3D681700EBD764 /* Project object */ = {
			isa = PBXProject;
			attributes = {
				LastSwiftUpdateCheck = 0720;
				LastUpgradeCheck = 0720;
				ORGANIZATIONNAME = CTEC;
				TargetAttributes = {
					01974F231C3D681800EBD764 = {
						CreatedOnToolsVersion = 7.2;
					};
					01974F371C3D681800EBD764 = {
						CreatedOnToolsVersion = 7.2;
						TestTargetID = 01974F231C3D681800EBD764;
					};
					01974F421C3D681800EBD764 = {
						CreatedOnToolsVersion = 7.2;
						TestTargetID = 01974F231C3D681800EBD764;
					};
				};
			};
			buildConfigurationList = 01974F1F1C3D681700EBD764 /* Build configuration list for PBXProject "AboutMe" */;
			compatibilityVersion = "Xcode 3.2";
			developmentRegion = English;
			hasScannedForEncodings = 0;
			knownRegions = (
				en,
				Base,
			);
			mainGroup = 01974F1B1C3D681700EBD764;
			productRefGroup = 01974F251C3D681800EBD764 /* Products */;
			projectDirPath = "";
			projectRoot = "";
			targets = (
				01974F231C3D681800EBD764 /* AboutMe */,
				01974F371C3D681800EBD764 /* AboutMeTests */,
				01974F421C3D681800EBD764 /* AboutMeUITests */,
			);
		};
/* End PBXProject section */

/* Begin PBXResourcesBuildPhase section */
		01974F221C3D681800EBD764 /* Resources */ = {
			isa = PBXResourcesBuildPhase;
			buildActionMask = 2147483647;
			files = (
				01974F321C3D681800EBD764 /* LaunchScreen.storyboard in Resources */,
				01974F2F1C3D681800EBD764 /* Assets.xcassets in Resources */,
				01974F2D1C3D681800EBD764 /* Main.storyboard in Resources */,
			);
			runOnlyForDeploymentPostprocessing = 0;
		};
		01974F361C3D681800EBD764 /* Resources */ = {
			isa = PBXResourcesBuildPhase;
			buildActionMask = 2147483647;
			files = (
			);
			runOnlyForDeploymentPostprocessing = 0;
		};
		01974F411C3D681800EBD764 /* Resources */ = {
			isa = PBXResourcesBuildPhase;
			buildActionMask = 2147483647;
			files = (
			);
			runOnlyForDeploymentPostprocessing = 0;
		};
/* End PBXResourcesBuildPhase section */

/* Begin PBXSourcesBuildPhase section */
		01974F201C3D681800EBD764 /* Sources */ = {
			isa = PBXSourcesBuildPhase;
			buildActionMask = 2147483647;
			files = (
				014EAA6A1C3D6D63004DE12C /* GameViewController.swift in Sources */,
				01F581D41C401B9500586977 /* FoodViewController.swift in Sources */,
				01974F2A1C3D681800EBD764 /* ViewController.swift in Sources */,
				014EAA681C3D6D41004DE12C /* CodeViewController.swift in Sources */,
				01F581D11C401B6100586977 /* CampViewController.swift in Sources */,
				01974F281C3D681800EBD764 /* AppDelegate.swift in Sources */,
				014EAA661C3D6CF6004DE12C /* SchoolViewController.swift in Sources */,
			);
			runOnlyForDeploymentPostprocessing = 0;
		};
		01974F341C3D681800EBD764 /* Sources */ = {
			isa = PBXSourcesBuildPhase;
			buildActionMask = 2147483647;
			files = (
				01974F3D1C3D681800EBD764 /* AboutMeTests.swift in Sources */,
			);
			runOnlyForDeploymentPostprocessing = 0;
		};
		01974F3F1C3D681800EBD764 /* Sources */ = {
			isa = PBXSourcesBuildPhase;
			buildActionMask = 2147483647;
			files = (
				01974F481C3D681800EBD764 /* AboutMeUITests.swift in Sources */,
			);
			runOnlyForDeploymentPostprocessing = 0;
		};
/* End PBXSourcesBuildPhase section */

/* Begin PBXTargetDependency section */
		01974F3A1C3D681800EBD764 /* PBXTargetDependency */ = {
			isa = PBXTargetDependency;
			target = 01974F231C3D681800EBD764 /* AboutMe */;
			targetProxy = 01974F391C3D681800EBD764 /* PBXContainerItemProxy */;
		};
		01974F451C3D681800EBD764 /* PBXTargetDependency */ = {
			isa = PBXTargetDependency;
			target = 01974F231C3D681800EBD764 /* AboutMe */;
			targetProxy = 01974F441C3D681800EBD764 /* PBXContainerItemProxy */;
		};
/* End PBXTargetDependency section */

/* Begin PBXVariantGroup section */
		01974F2B1C3D681800EBD764 /* Main.storyboard */ = {
			isa = PBXVariantGroup;
			children = (
				01974F2C1C3D681800EBD764 /* Base */,
			);
			name = Main.storyboard;
			sourceTree = "<group>";
		};
		01974F301C3D681800EBD764 /* LaunchScreen.storyboard */ = {
			isa = PBXVariantGroup;
			children = (
				01974F311C3D681800EBD764 /* Base */,
			);
			name = LaunchScreen.storyboard;
			sourceTree = "<group>";
		};
/* End PBXVariantGroup section */

/* Begin XCBuildConfiguration section */
		01974F4A1C3D681800EBD764 /* Debug */ = {
			isa = XCBuildConfiguration;
			buildSettings = {
				ALWAYS_SEARCH_USER_PATHS = NO;
				CLANG_CXX_LANGUAGE_STANDARD = "gnu++0x";
				CLANG_CXX_LIBRARY = "libc++";
				CLANG_ENABLE_MODULES = YES;
				CLANG_ENABLE_OBJC_ARC = YES;
				CLANG_WARN_BOOL_CONVERSION = YES;
				CLANG_WARN_CONSTANT_CONVERSION = YES;
				CLANG_WARN_DIRECT_OBJC_ISA_USAGE = YES_ERROR;
				CLANG_WARN_EMPTY_BODY = YES;
				CLANG_WARN_ENUM_CONVERSION = YES;
				CLANG_WARN_INT_CONVERSION = YES;
				CLANG_WARN_OBJC_ROOT_CLASS = YES_ERROR;
				CLANG_WARN_UNREACHABLE_CODE = YES;
				CLANG_WARN__DUPLICATE_METHOD_MATCH = YES;
				"CODE_SIGN_IDENTITY[sdk=iphoneos*]" = "iPhone Developer";
				COPY_PHASE_STRIP = NO;
				DEBUG_INFORMATION_FORMAT = dwarf;
				ENABLE_STRICT_OBJC_MSGSEND = YES;
				ENABLE_TESTABILITY = YES;
				GCC_C_LANGUAGE_STANDARD = gnu99;
				GCC_DYNAMIC_NO_PIC = NO;
				GCC_NO_COMMON_BLOCKS = YES;
				GCC_OPTIMIZATION_LEVEL = 0;
				GCC_PREPROCESSOR_DEFINITIONS = (
					"DEBUG=1",
					"$(inherited)",
				);
				GCC_WARN_64_TO_32_BIT_CONVERSION = YES;
				GCC_WARN_ABOUT_RETURN_TYPE = YES_ERROR;
				GCC_WARN_UNDECLARED_SELECTOR = YES;
				GCC_WARN_UNINITIALIZED_AUTOS = YES_AGGRESSIVE;
				GCC_WARN_UNUSED_FUNCTION = YES;
				GCC_WARN_UNUSED_VARIABLE = YES;
				IPHONEOS_DEPLOYMENT_TARGET = 9.2;
				MTL_ENABLE_DEBUG_INFO = YES;
				ONLY_ACTIVE_ARCH = YES;
				SDKROOT = iphoneos;
				SWIFT_OPTIMIZATION_LEVEL = "-Onone";
				TARGETED_DEVICE_FAMILY = "1,2";
			};
			name = Debug;
		};
		01974F4B1C3D681800EBD764 /* Release */ = {
			isa = XCBuildConfiguration;
			buildSettings = {
				ALWAYS_SEARCH_USER_PATHS = NO;
				CLANG_CXX_LANGUAGE_STANDARD = "gnu++0x";
				CLANG_CXX_LIBRARY = "libc++";
				CLANG_ENABLE_MODULES = YES;
				CLANG_ENABLE_OBJC_ARC = YES;
				CLANG_WARN_BOOL_CONVERSION = YES;
				CLANG_WARN_CONSTANT_CONVERSION = YES;
				CLANG_WARN_DIRECT_OBJC_ISA_USAGE = YES_ERROR;
				CLANG_WARN_EMPTY_BODY = YES;
				CLANG_WARN_ENUM_CONVERSION = YES;
				CLANG_WARN_INT_CONVERSION = YES;
				CLANG_WARN_OBJC_ROOT_CLASS = YES_ERROR;
				CLANG_WARN_UNREACHABLE_CODE = YES;
				CLANG_WARN__DUPLICATE_METHOD_MATCH = YES;
				"CODE_SIGN_IDENTITY[sdk=iphoneos*]" = "iPhone Developer";
				COPY_PHASE_STRIP = NO;
				DEBUG_INFORMATION_FORMAT = "dwarf-with-dsym";
				ENABLE_NS_ASSERTIONS = NO;
				ENABLE_STRICT_OBJC_MSGSEND = YES;
				GCC_C_LANGUAGE_STANDARD = gnu99;
				GCC_NO_COMMON_BLOCKS = YES;
				GCC_WARN_64_TO_32_BIT_CONVERSION = YES;
				GCC_WARN_ABOUT_RETURN_TYPE = YES_ERROR;
				GCC_WARN_UNDECLARED_SELECTOR = YES;
				GCC_WARN_UNINITIALIZED_AUTOS = YES_AGGRESSIVE;
				GCC_WARN_UNUSED_FUNCTION = YES;
				GCC_WARN_UNUSED_VARIABLE = YES;
				IPHONEOS_DEPLOYMENT_TARGET = 9.2;
				MTL_ENABLE_DEBUG_INFO = NO;
				SDKROOT = iphoneos;
				TARGETED_DEVICE_FAMILY = "1,2";
				VALIDATE_PRODUCT = YES;
			};
			name = Release;
		};
		01974F4D1C3D681800EBD764 /* Debug */ = {
			isa = XCBuildConfiguration;
			buildSettings = {
				ASSETCATALOG_COMPILER_APPICON_NAME = AppIcon;
				INFOPLIST_FILE = AboutMe/Info.plist;
				LD_RUNPATH_SEARCH_PATHS = "$(inherited) @executable_path/Frameworks";
				PRODUCT_BUNDLE_IDENTIFIER = ctec.AboutMe;
				PRODUCT_NAME = "$(TARGET_NAME)";
			};
			name = Debug;
		};
		01974F4E1C3D681800EBD764 /* Release */ = {
			isa = XCBuildConfiguration;
			buildSettings = {
				ASSETCATALOG_COMPILER_APPICON_NAME = AppIcon;
				INFOPLIST_FILE = AboutMe/Info.plist;
				LD_RUNPATH_SEARCH_PATHS = "$(inherited) @executable_path/Frameworks";
				PRODUCT_BUNDLE_IDENTIFIER = ctec.AboutMe;
				PRODUCT_NAME = "$(TARGET_NAME)";
			};
			name = Release;
		};
		01974F501C3D681800EBD764 /* Debug */ = {
			isa = XCBuildConfiguration;
			buildSettings = {
				BUNDLE_LOADER = "$(TEST_HOST)";
				INFOPLIST_FILE = AboutMeTests/Info.plist;
				LD_RUNPATH_SEARCH_PATHS = "$(inherited) @executable_path/Frameworks @loader_path/Frameworks";
				PRODUCT_BUNDLE_IDENTIFIER = ctec.AboutMeTests;
				PRODUCT_NAME = "$(TARGET_NAME)";
				TEST_HOST = "$(BUILT_PRODUCTS_DIR)/AboutMe.app/AboutMe";
			};
			name = Debug;
		};
		01974F511C3D681800EBD764 /* Release */ = {
			isa = XCBuildConfiguration;
			buildSettings = {
				BUNDLE_LOADER = "$(TEST_HOST)";
				INFOPLIST_FILE = AboutMeTests/Info.plist;
				LD_RUNPATH_SEARCH_PATHS = "$(inherited) @executable_path/Frameworks @loader_path/Frameworks";
				PRODUCT_BUNDLE_IDENTIFIER = ctec.AboutMeTests;
				PRODUCT_NAME = "$(TARGET_NAME)";
				TEST_HOST = "$(BUILT_PRODUCTS_DIR)/AboutMe.app/AboutMe";
			};
			name = Release;
		};
		01974F531C3D681800EBD764 /* Debug */ = {
			isa = XCBuildConfiguration;
			buildSettings = {
				INFOPLIST_FILE = AboutMeUITests/Info.plist;
				LD_RUNPATH_SEARCH_PATHS = "$(inherited) @executable_path/Frameworks @loader_path/Frameworks";
				PRODUCT_BUNDLE_IDENTIFIER = ctec.AboutMeUITests;
				PRODUCT_NAME = "$(TARGET_NAME)";
				TEST_TARGET_NAME = AboutMe;
				USES_XCTRUNNER = YES;
			};
			name = Debug;
		};
		01974F541C3D681800EBD764 /* Release */ = {
			isa = XCBuildConfiguration;
			buildSettings = {
				INFOPLIST_FILE = AboutMeUITests/Info.plist;
				LD_RUNPATH_SEARCH_PATHS = "$(inherited) @executable_path/Frameworks @loader_path/Frameworks";
				PRODUCT_BUNDLE_IDENTIFIER = ctec.AboutMeUITests;
				PRODUCT_NAME = "$(TARGET_NAME)";
				TEST_TARGET_NAME = AboutMe;
				USES_XCTRUNNER = YES;
			};
			name = Release;
		};
/* End XCBuildConfiguration section */

/* Begin XCConfigurationList section */
		01974F1F1C3D681700EBD764 /* Build configuration list for PBXProject "AboutMe" */ = {
			isa = XCConfigurationList;
			buildConfigurations = (
				01974F4A1C3D681800EBD764 /* Debug */,
				01974F4B1C3D681800EBD764 /* Release */,
			);
			defaultConfigurationIsVisible = 0;
			defaultConfigurationName = Release;
		};
		01974F4C1C3D681800EBD764 /* Build configuration list for PBXNativeTarget "AboutMe" */ = {
			isa = XCConfigurationList;
			buildConfigurations = (
				01974F4D1C3D681800EBD764 /* Debug */,
				01974F4E1C3D681800EBD764 /* Release */,
			);
			defaultConfigurationIsVisible = 0;
			defaultConfigurationName = Release;
		};
		01974F4F1C3D681800EBD764 /* Build configuration list for PBXNativeTarget "AboutMeTests" */ = {
			isa = XCConfigurationList;
			buildConfigurations = (
				01974F501C3D681800EBD764 /* Debug */,
				01974F511C3D681800EBD764 /* Release */,
			);
			defaultConfigurationIsVisible = 0;
			defaultConfigurationName = Release;
		};
		01974F521C3D681800EBD764 /* Build configuration list for PBXNativeTarget "AboutMeUITests" */ = {
			isa = XCConfigurationList;
			buildConfigurations = (
				01974F531C3D681800EBD764 /* Debug */,
				01974F541C3D681800EBD764 /* Release */,
			);
			defaultConfigurationIsVisible = 0;
			defaultConfigurationName = Release;
		};
/* End XCConfigurationList section */
	};
	rootObject = 01974F1C1C3D681700EBD764 /* Project object */;
}
